<?xml version="1.0" encoding="utf-8"?>
<Project ToolsVersion="4.0" xmlns="http://schemas.microsoft.com/developer/msbuild/2003">
  <ItemGroup>
    <Filter Include="Header Files">
      <UniqueIdentifier>{be38a88c-8e8c-4a6e-b2fe-66fd7239d794}</UniqueIdentifier>
      <Extensions>h;hpp;cuh</Extensions>
    </Filter>
    <Filter Include="Source Files">
      <UniqueIdentifier>{0ed946af-2f84-4bb7-a65d-726d9923072c}</UniqueIdentifier>
      <Extensions>cpp;c;cu</Extensions>
    </Filter>
  </ItemGroup>
  <ItemGroup>
    <ClInclude Include="CudaDirectSolver.hpp">
      <Filter>Header Files</Filter>
    </ClInclude>
    <ClInclude Include="DirectSolver.hpp">
      <Filter>Header Files</Filter>
    </ClInclude>
    <ClInclude Include="DirectSolverBase.hpp">
      <Filter>Header Files</Filter>
    </ClInclude>
    <ClInclude Include="ReverseSolver.hpp">
      <Filter>Header Files</Filter>
    </ClInclude>
    <ClInclude Include="SLESolver.hpp">
      <Filter>Header Files</Filter>
    </ClInclude>
  </ItemGroup>
  <ItemGroup>
    <ClCompile Include="DirectSolverBase.cpp">
      <Filter>Source Files</Filter>
    </ClCompile>
    <ClCompile Include="DirectSolver.cpp">
      <Filter>Source Files</Filter>
    </ClCompile>
    <ClCompile Include="ReverseSolver.cpp">
      <Filter>Source Files</Filter>
    </ClCompile>
    <ClCompile Include="SLESolver.cpp">
      <Filter>Source Files</Filter>
    </ClCompile>
  </ItemGroup>
  <ItemGroup>
    <CudaCompile Include="CudaDirectSolver.cu">
      <Filter>Source Files</Filter>
    </CudaCompile>
  </ItemGroup>
</Project>