
Microsoft Visual Studio Solution File, Format Version 11.00
# Visual Studio 2010
Project("{8BC9CEB8-8B4A-11D0-8D11-00A0C91BC942}") = "BasicEntities", "BasicEntities\BasicEntities.vcxproj", "{4C000C3B-81BA-42B8-A446-7C4E96056054}"
EndProject
Project("{8BC9CEB8-8B4A-11D0-8D11-00A0C91BC942}") = "Solvers", "Solvers\Solvers.vcxproj", "{150278BF-4D38-4084-8F07-6EF510FAF016}"
EndProject
Project("{8BC9CEB8-8B4A-11D0-8D11-00A0C91BC942}") = "Program", "Program\Program.vcxproj", "{665CE58E-869F-40CC-996D-FC836D1DD88E}"
EndProject
Global
	GlobalSection(SolutionConfigurationPlatforms) = preSolution
		Debug|Win32 = Debug|Win32
		Release|Win32 = Release|Win32
	EndGlobalSection
	GlobalSection(ProjectConfigurationPlatforms) = postSolution
		{4C000C3B-81BA-42B8-A446-7C4E96056054}.Debug|Win32.ActiveCfg = Debug|Win32
		{4C000C3B-81BA-42B8-A446-7C4E96056054}.Debug|Win32.Build.0 = Debug|Win32
		{4C000C3B-81BA-42B8-A446-7C4E96056054}.Release|Win32.ActiveCfg = Release|Win32
		{4C000C3B-81BA-42B8-A446-7C4E96056054}.Release|Win32.Build.0 = Release|Win32
		{150278BF-4D38-4084-8F07-6EF510FAF016}.Debug|Win32.ActiveCfg = Debug|Win32
		{150278BF-4D38-4084-8F07-6EF510FAF016}.Debug|Win32.Build.0 = Debug|Win32
		{150278BF-4D38-4084-8F07-6EF510FAF016}.Release|Win32.ActiveCfg = Release|Win32
		{150278BF-4D38-4084-8F07-6EF510FAF016}.Release|Win32.Build.0 = Release|Win32
		{665CE58E-869F-40CC-996D-FC836D1DD88E}.Debug|Win32.ActiveCfg = Debug|Win32
		{665CE58E-869F-40CC-996D-FC836D1DD88E}.Debug|Win32.Build.0 = Debug|Win32
		{665CE58E-869F-40CC-996D-FC836D1DD88E}.Release|Win32.ActiveCfg = Release|Win32
		{665CE58E-869F-40CC-996D-FC836D1DD88E}.Release|Win32.Build.0 = Release|Win32
	EndGlobalSection
	GlobalSection(SolutionProperties) = preSolution
		HideSolutionNode = FALSE
	EndGlobalSection
EndGlobal
